
Microsoft Visual Studio Solution File, Format Version 12.00
# Visual Studio Version 17
VisualStudioVersion = 17.7.34009.444
MinimumVisualStudioVersion = 10.0.40219.1
Project("{2150E333-8FDC-42A3-9474-1A3956D46DE8}") = "FrontEnd", "FrontEnd", "{217607D8-26B9-43F4-AFD0-C6F80A099F94}"
EndProject
Project("{2150E333-8FDC-42A3-9474-1A3956D46DE8}") = "BackEnd", "BackEnd", "{2CCFC907-A042-49F0-92DC-B0E20E99ACBF}"
EndProject
Project("{2150E333-8FDC-42A3-9474-1A3956D46DE8}") = "Shared", "Shared", "{06EED014-B09A-4358-AC98-89F0EA584720}"
EndProject
Project("{9A19103F-16F7-4668-BE54-9A1E7A4F7556}") = "Shared.UI", "src\Shared\UI\Shared.UI.csproj", "{D94C3BEC-A890-4243-A5DA-F25E1F8A01B0}"
EndProject
Project("{9A19103F-16F7-4668-BE54-9A1E7A4F7556}") = "WebApp", "src\FrontEnd\WebApp\WebApp.csproj", "{1E0A8B8E-1388-45B5-9AFA-B078FF0F09F2}"
EndProject
Project("{9A19103F-16F7-4668-BE54-9A1E7A4F7556}") = "APIs", "src\BackEnd\APIs\APIs.csproj", "{5DAACD48-69DC-4413-945E-B7D5757F18DB}"
EndProject
Project("{FAE04EC0-301F-11D3-BF4B-00C04F79EFBC}") = "Domain.Kernel", "src\BackEnd\Domain.Kernel\Domain.Kernel.csproj", "{C0BBDB87-768D-44E6-BFA9-BD291E2F9525}"
EndProject
Project("{2150E333-8FDC-42A3-9474-1A3956D46DE8}") = "Features", "Features", "{1713E909-35E8-4DEE-8F5A-1BCD31CF87B4}"
EndProject
Project("{9A19103F-16F7-4668-BE54-9A1E7A4F7556}") = "IAM", "src\BackEnd\Features\IAM\IAM.csproj", "{7B2D78A2-6B25-46FD-BC05-0505C85709FC}"
EndProject
Project("{FAE04EC0-301F-11D3-BF4B-00C04F79EFBC}") = "UserInformation", "src\BackEnd\Features\UserInformation\UserInformation.csproj", "{68C97209-1CD1-4432-831C-8418F6701695}"
EndProject
Project("{FAE04EC0-301F-11D3-BF4B-00C04F79EFBC}") = "Domain.Kernel", "src\FrontEnd\Domain.Kernel\Domain.Kernel.csproj", "{DAF9EF51-04B7-486A-84EC-5DED863F0243}"
EndProject
Project("{2150E333-8FDC-42A3-9474-1A3956D46DE8}") = "Features", "Features", "{8B8B95DF-9EA2-415C-B33D-ECA2AA2A711B}"
EndProject
Project("{FAE04EC0-301F-11D3-BF4B-00C04F79EFBC}") = "IAM", "src\FrontEnd\Features\IAM\IAM.csproj", "{4700C6CA-1D53-4673-9892-310C935F79F0}"
EndProject
Project("{FAE04EC0-301F-11D3-BF4B-00C04F79EFBC}") = "UserInformation", "src\FrontEnd\Features\UserInformation\UserInformation.csproj", "{65045457-C1F1-48BC-A6DC-3C05FC203EE0}"
EndProject
Project("{2150E333-8FDC-42A3-9474-1A3956D46DE8}") = "Tests", "Tests", "{9EC8B774-B7B3-45D8-A3CB-EAB7E88AB6FB}"
EndProject
Project("{FAE04EC0-301F-11D3-BF4B-00C04F79EFBC}") = "ArchTests", "src\BackEnd\Tests\ArchTests\ArchTests.csproj", "{455E4F6D-9BE3-4502-B298-986010BCCEC5}"
EndProject
Project("{FAE04EC0-301F-11D3-BF4B-00C04F79EFBC}") = "UnitTests", "src\BackEnd\Tests\UnitTests\UnitTests.csproj", "{E6682061-1E83-428C-A11B-755F0D3BA7AA}"
EndProject
Project("{FAE04EC0-301F-11D3-BF4B-00C04F79EFBC}") = "IntegrationTests", "src\BackEnd\Tests\IntegrationTests\IntegrationTests.csproj", "{DFE3C0CD-2296-4CEE-8369-3F875E82C828}"
EndProject
Project("{2150E333-8FDC-42A3-9474-1A3956D46DE8}") = "Tests", "Tests", "{78D901BD-3FA9-43D9-90A9-7E1D4E13FC64}"
EndProject
Project("{9A19103F-16F7-4668-BE54-9A1E7A4F7556}") = "ArchTests", "src\FrontEnd\Tests\ArchTests\ArchTests.csproj", "{B3D87D85-24B2-48C8-9239-A33B935D4F45}"
EndProject
Project("{9A19103F-16F7-4668-BE54-9A1E7A4F7556}") = "AcceptanceTests", "src\FrontEnd\Tests\AcceptanceTests\AcceptanceTests.csproj", "{D6EBABBD-91D3-42EF-BC83-76D88F267858}"
EndProject
Project("{9A19103F-16F7-4668-BE54-9A1E7A4F7556}") = "UITests", "src\FrontEnd\Tests\UITests\UITests.csproj", "{6BEA6BC6-1931-4792-9CDF-BB6CE4A2E20A}"
EndProject
Project("{2150E333-8FDC-42A3-9474-1A3956D46DE8}") = "Solution Items", "Solution Items", "{4F1499AA-5609-41C1-81D7-C972D3C17763}"
	ProjectSection(SolutionItems) = preProject
		.editorconfig = .editorconfig
		.gitattributes = .gitattributes
		.gitignore = .gitignore
		LICENSE = LICENSE
		README.md = README.md
	EndProjectSection
EndProject
Global
	GlobalSection(SolutionConfigurationPlatforms) = preSolution
		Debug|Any CPU = Debug|Any CPU
		Release|Any CPU = Release|Any CPU
	EndGlobalSection
	GlobalSection(ProjectConfigurationPlatforms) = postSolution
		{D94C3BEC-A890-4243-A5DA-F25E1F8A01B0}.Debug|Any CPU.ActiveCfg = Debug|Any CPU
		{D94C3BEC-A890-4243-A5DA-F25E1F8A01B0}.Debug|Any CPU.Build.0 = Debug|Any CPU
		{D94C3BEC-A890-4243-A5DA-F25E1F8A01B0}.Release|Any CPU.ActiveCfg = Release|Any CPU
		{D94C3BEC-A890-4243-A5DA-F25E1F8A01B0}.Release|Any CPU.Build.0 = Release|Any CPU
		{1E0A8B8E-1388-45B5-9AFA-B078FF0F09F2}.Debug|Any CPU.ActiveCfg = Debug|Any CPU
		{1E0A8B8E-1388-45B5-9AFA-B078FF0F09F2}.Debug|Any CPU.Build.0 = Debug|Any CPU
		{1E0A8B8E-1388-45B5-9AFA-B078FF0F09F2}.Release|Any CPU.ActiveCfg = Release|Any CPU
		{1E0A8B8E-1388-45B5-9AFA-B078FF0F09F2}.Release|Any CPU.Build.0 = Release|Any CPU
		{5DAACD48-69DC-4413-945E-B7D5757F18DB}.Debug|Any CPU.ActiveCfg = Debug|Any CPU
		{5DAACD48-69DC-4413-945E-B7D5757F18DB}.Debug|Any CPU.Build.0 = Debug|Any CPU
		{5DAACD48-69DC-4413-945E-B7D5757F18DB}.Release|Any CPU.ActiveCfg = Release|Any CPU
		{5DAACD48-69DC-4413-945E-B7D5757F18DB}.Release|Any CPU.Build.0 = Release|Any CPU
		{C0BBDB87-768D-44E6-BFA9-BD291E2F9525}.Debug|Any CPU.ActiveCfg = Debug|Any CPU
		{C0BBDB87-768D-44E6-BFA9-BD291E2F9525}.Debug|Any CPU.Build.0 = Debug|Any CPU
		{C0BBDB87-768D-44E6-BFA9-BD291E2F9525}.Release|Any CPU.ActiveCfg = Release|Any CPU
		{C0BBDB87-768D-44E6-BFA9-BD291E2F9525}.Release|Any CPU.Build.0 = Release|Any CPU
		{7B2D78A2-6B25-46FD-BC05-0505C85709FC}.Debug|Any CPU.ActiveCfg = Debug|Any CPU
		{7B2D78A2-6B25-46FD-BC05-0505C85709FC}.Debug|Any CPU.Build.0 = Debug|Any CPU
		{7B2D78A2-6B25-46FD-BC05-0505C85709FC}.Release|Any CPU.ActiveCfg = Release|Any CPU
		{7B2D78A2-6B25-46FD-BC05-0505C85709FC}.Release|Any CPU.Build.0 = Release|Any CPU
		{68C97209-1CD1-4432-831C-8418F6701695}.Debug|Any CPU.ActiveCfg = Debug|Any CPU
		{68C97209-1CD1-4432-831C-8418F6701695}.Debug|Any CPU.Build.0 = Debug|Any CPU
		{68C97209-1CD1-4432-831C-8418F6701695}.Release|Any CPU.ActiveCfg = Release|Any CPU
		{68C97209-1CD1-4432-831C-8418F6701695}.Release|Any CPU.Build.0 = Release|Any CPU
		{DAF9EF51-04B7-486A-84EC-5DED863F0243}.Debug|Any CPU.ActiveCfg = Debug|Any CPU
		{DAF9EF51-04B7-486A-84EC-5DED863F0243}.Debug|Any CPU.Build.0 = Debug|Any CPU
		{DAF9EF51-04B7-486A-84EC-5DED863F0243}.Release|Any CPU.ActiveCfg = Release|Any CPU
		{DAF9EF51-04B7-486A-84EC-5DED863F0243}.Release|Any CPU.Build.0 = Release|Any CPU
		{4700C6CA-1D53-4673-9892-310C935F79F0}.Debug|Any CPU.ActiveCfg = Debug|Any CPU
		{4700C6CA-1D53-4673-9892-310C935F79F0}.Debug|Any CPU.Build.0 = Debug|Any CPU
		{4700C6CA-1D53-4673-9892-310C935F79F0}.Release|Any CPU.ActiveCfg = Release|Any CPU
		{4700C6CA-1D53-4673-9892-310C935F79F0}.Release|Any CPU.Build.0 = Release|Any CPU
		{65045457-C1F1-48BC-A6DC-3C05FC203EE0}.Debug|Any CPU.ActiveCfg = Debug|Any CPU
		{65045457-C1F1-48BC-A6DC-3C05FC203EE0}.Debug|Any CPU.Build.0 = Debug|Any CPU
		{65045457-C1F1-48BC-A6DC-3C05FC203EE0}.Release|Any CPU.ActiveCfg = Release|Any CPU
		{65045457-C1F1-48BC-A6DC-3C05FC203EE0}.Release|Any CPU.Build.0 = Release|Any CPU
		{455E4F6D-9BE3-4502-B298-986010BCCEC5}.Debug|Any CPU.ActiveCfg = Debug|Any CPU
		{455E4F6D-9BE3-4502-B298-986010BCCEC5}.Debug|Any CPU.Build.0 = Debug|Any CPU
		{455E4F6D-9BE3-4502-B298-986010BCCEC5}.Release|Any CPU.ActiveCfg = Release|Any CPU
		{455E4F6D-9BE3-4502-B298-986010BCCEC5}.Release|Any CPU.Build.0 = Release|Any CPU
		{E6682061-1E83-428C-A11B-755F0D3BA7AA}.Debug|Any CPU.ActiveCfg = Debug|Any CPU
		{E6682061-1E83-428C-A11B-755F0D3BA7AA}.Debug|Any CPU.Build.0 = Debug|Any CPU
		{E6682061-1E83-428C-A11B-755F0D3BA7AA}.Release|Any CPU.ActiveCfg = Release|Any CPU
		{E6682061-1E83-428C-A11B-755F0D3BA7AA}.Release|Any CPU.Build.0 = Release|Any CPU
		{DFE3C0CD-2296-4CEE-8369-3F875E82C828}.Debug|Any CPU.ActiveCfg = Debug|Any CPU
		{DFE3C0CD-2296-4CEE-8369-3F875E82C828}.Debug|Any CPU.Build.0 = Debug|Any CPU
		{DFE3C0CD-2296-4CEE-8369-3F875E82C828}.Release|Any CPU.ActiveCfg = Release|Any CPU
		{DFE3C0CD-2296-4CEE-8369-3F875E82C828}.Release|Any CPU.Build.0 = Release|Any CPU
		{B3D87D85-24B2-48C8-9239-A33B935D4F45}.Debug|Any CPU.ActiveCfg = Debug|Any CPU
		{B3D87D85-24B2-48C8-9239-A33B935D4F45}.Debug|Any CPU.Build.0 = Debug|Any CPU
		{B3D87D85-24B2-48C8-9239-A33B935D4F45}.Release|Any CPU.ActiveCfg = Release|Any CPU
		{B3D87D85-24B2-48C8-9239-A33B935D4F45}.Release|Any CPU.Build.0 = Release|Any CPU
		{D6EBABBD-91D3-42EF-BC83-76D88F267858}.Debug|Any CPU.ActiveCfg = Debug|Any CPU
		{D6EBABBD-91D3-42EF-BC83-76D88F267858}.Debug|Any CPU.Build.0 = Debug|Any CPU
		{D6EBABBD-91D3-42EF-BC83-76D88F267858}.Release|Any CPU.ActiveCfg = Release|Any CPU
		{D6EBABBD-91D3-42EF-BC83-76D88F267858}.Release|Any CPU.Build.0 = Release|Any CPU
		{6BEA6BC6-1931-4792-9CDF-BB6CE4A2E20A}.Debug|Any CPU.ActiveCfg = Debug|Any CPU
		{6BEA6BC6-1931-4792-9CDF-BB6CE4A2E20A}.Debug|Any CPU.Build.0 = Debug|Any CPU
		{6BEA6BC6-1931-4792-9CDF-BB6CE4A2E20A}.Release|Any CPU.ActiveCfg = Release|Any CPU
		{6BEA6BC6-1931-4792-9CDF-BB6CE4A2E20A}.Release|Any CPU.Build.0 = Release|Any CPU
	EndGlobalSection
	GlobalSection(SolutionProperties) = preSolution
		HideSolutionNode = FALSE
	EndGlobalSection
	GlobalSection(NestedProjects) = preSolution
		{D94C3BEC-A890-4243-A5DA-F25E1F8A01B0} = {06EED014-B09A-4358-AC98-89F0EA584720}
		{1E0A8B8E-1388-45B5-9AFA-B078FF0F09F2} = {217607D8-26B9-43F4-AFD0-C6F80A099F94}
		{5DAACD48-69DC-4413-945E-B7D5757F18DB} = {2CCFC907-A042-49F0-92DC-B0E20E99ACBF}
		{C0BBDB87-768D-44E6-BFA9-BD291E2F9525} = {2CCFC907-A042-49F0-92DC-B0E20E99ACBF}
		{1713E909-35E8-4DEE-8F5A-1BCD31CF87B4} = {2CCFC907-A042-49F0-92DC-B0E20E99ACBF}
		{7B2D78A2-6B25-46FD-BC05-0505C85709FC} = {1713E909-35E8-4DEE-8F5A-1BCD31CF87B4}
		{68C97209-1CD1-4432-831C-8418F6701695} = {1713E909-35E8-4DEE-8F5A-1BCD31CF87B4}
		{DAF9EF51-04B7-486A-84EC-5DED863F0243} = {217607D8-26B9-43F4-AFD0-C6F80A099F94}
		{8B8B95DF-9EA2-415C-B33D-ECA2AA2A711B} = {217607D8-26B9-43F4-AFD0-C6F80A099F94}
		{4700C6CA-1D53-4673-9892-310C935F79F0} = {8B8B95DF-9EA2-415C-B33D-ECA2AA2A711B}
		{65045457-C1F1-48BC-A6DC-3C05FC203EE0} = {8B8B95DF-9EA2-415C-B33D-ECA2AA2A711B}
		{9EC8B774-B7B3-45D8-A3CB-EAB7E88AB6FB} = {2CCFC907-A042-49F0-92DC-B0E20E99ACBF}
		{455E4F6D-9BE3-4502-B298-986010BCCEC5} = {9EC8B774-B7B3-45D8-A3CB-EAB7E88AB6FB}
		{E6682061-1E83-428C-A11B-755F0D3BA7AA} = {9EC8B774-B7B3-45D8-A3CB-EAB7E88AB6FB}
		{DFE3C0CD-2296-4CEE-8369-3F875E82C828} = {9EC8B774-B7B3-45D8-A3CB-EAB7E88AB6FB}
		{78D901BD-3FA9-43D9-90A9-7E1D4E13FC64} = {217607D8-26B9-43F4-AFD0-C6F80A099F94}
		{B3D87D85-24B2-48C8-9239-A33B935D4F45} = {78D901BD-3FA9-43D9-90A9-7E1D4E13FC64}
		{D6EBABBD-91D3-42EF-BC83-76D88F267858} = {78D901BD-3FA9-43D9-90A9-7E1D4E13FC64}
		{6BEA6BC6-1931-4792-9CDF-BB6CE4A2E20A} = {78D901BD-3FA9-43D9-90A9-7E1D4E13FC64}
	EndGlobalSection
	GlobalSection(ExtensibilityGlobals) = postSolution
		SolutionGuid = {3B121FA1-3016-4D8A-BCD2-0FC717420137}
	EndGlobalSection
EndGlobal
